
Microsoft Visual Studio Solution File, Format Version 12.00
# Visual Studio Version 16
VisualStudioVersion = 16.0.32126.315
MinimumVisualStudioVersion = 10.0.40219.1
Project("{9A19103F-16F7-4668-BE54-9A1E7A4F7556}") = "AssignmenttMVC", "AssignmenttMVC\AssignmenttMVC.csproj", "{0D79261D-4004-4E53-9B2A-B98001394FA1}"
EndProject
Project("{2150E333-8FDC-42A3-9474-1A3956D46DE8}") = "Business", "Business", "{31F285DC-6C3D-4AD2-8099-96A2945674B4}"
EndProject
Project("{2150E333-8FDC-42A3-9474-1A3956D46DE8}") = "ProductDomain", "ProductDomain", "{03F42221-FDAA-4EB3-8166-36D8BD0D3D7B}"
EndProject
Project("{9A19103F-16F7-4668-BE54-9A1E7A4F7556}") = "DAL", "DAL\DAL.csproj", "{44490CA2-E8CB-4CA7-BDBD-A830E56B9C75}"
EndProject
Project("{9A19103F-16F7-4668-BE54-9A1E7A4F7556}") = "BL", "BL\BL.csproj", "{F4690444-068A-46F9-86DC-70F7A957EB2F}"
EndProject
Project("{2150E333-8FDC-42A3-9474-1A3956D46DE8}") = "Web", "Web", "{04B3400B-9DD7-4FD2-9223-D757A584C947}"
EndProject
Global
	GlobalSection(SolutionConfigurationPlatforms) = preSolution
		Debug|Any CPU = Debug|Any CPU
		Release|Any CPU = Release|Any CPU
	EndGlobalSection
	GlobalSection(ProjectConfigurationPlatforms) = postSolution
		{0D79261D-4004-4E53-9B2A-B98001394FA1}.Debug|Any CPU.ActiveCfg = Debug|Any CPU
		{0D79261D-4004-4E53-9B2A-B98001394FA1}.Debug|Any CPU.Build.0 = Debug|Any CPU
		{0D79261D-4004-4E53-9B2A-B98001394FA1}.Release|Any CPU.ActiveCfg = Release|Any CPU
		{0D79261D-4004-4E53-9B2A-B98001394FA1}.Release|Any CPU.Build.0 = Release|Any CPU
		{44490CA2-E8CB-4CA7-BDBD-A830E56B9C75}.Debug|Any CPU.ActiveCfg = Debug|Any CPU
		{44490CA2-E8CB-4CA7-BDBD-A830E56B9C75}.Debug|Any CPU.Build.0 = Debug|Any CPU
		{44490CA2-E8CB-4CA7-BDBD-A830E56B9C75}.Release|Any CPU.ActiveCfg = Release|Any CPU
		{44490CA2-E8CB-4CA7-BDBD-A830E56B9C75}.Release|Any CPU.Build.0 = Release|Any CPU
		{F4690444-068A-46F9-86DC-70F7A957EB2F}.Debug|Any CPU.ActiveCfg = Debug|Any CPU
		{F4690444-068A-46F9-86DC-70F7A957EB2F}.Debug|Any CPU.Build.0 = Debug|Any CPU
		{F4690444-068A-46F9-86DC-70F7A957EB2F}.Release|Any CPU.ActiveCfg = Release|Any CPU
		{F4690444-068A-46F9-86DC-70F7A957EB2F}.Release|Any CPU.Build.0 = Release|Any CPU
	EndGlobalSection
	GlobalSection(SolutionProperties) = preSolution
		HideSolutionNode = FALSE
	EndGlobalSection
	GlobalSection(NestedProjects) = preSolution
		{0D79261D-4004-4E53-9B2A-B98001394FA1} = {04B3400B-9DD7-4FD2-9223-D757A584C947}
		{03F42221-FDAA-4EB3-8166-36D8BD0D3D7B} = {31F285DC-6C3D-4AD2-8099-96A2945674B4}
		{44490CA2-E8CB-4CA7-BDBD-A830E56B9C75} = {03F42221-FDAA-4EB3-8166-36D8BD0D3D7B}
	EndGlobalSection
	GlobalSection(ExtensibilityGlobals) = postSolution
		SolutionGuid = {FB6B2FEA-6DBA-4840-8A3C-AA7BADCDF8A6}
	EndGlobalSection
EndGlobal
